
Microsoft Visual Studio Solution File, Format Version 12.00
# Visual Studio Version 17
VisualStudioVersion = 17.14.36401.2 d17.14
MinimumVisualStudioVersion = 10.0.40219.1
Project("{FAE04EC0-301F-11D3-BF4B-00C04F79EFBC}") = "Organizador", "Organizador\Organizador.csproj", "{95CD29A4-9E40-4524-9D8A-9B4A9A4670F1}"
EndProject
Global
	GlobalSection(SolutionConfigurationPlatforms) = preSolution
		Debug|Any CPU = Debug|Any CPU
		Release|Any CPU = Release|Any CPU
	EndGlobalSection
	GlobalSection(ProjectConfigurationPlatforms) = postSolution
		{95CD29A4-9E40-4524-9D8A-9B4A9A4670F1}.Debug|Any CPU.ActiveCfg = Debug|Any CPU
		{95CD29A4-9E40-4524-9D8A-9B4A9A4670F1}.Debug|Any CPU.Build.0 = Debug|Any CPU
		{95CD29A4-9E40-4524-9D8A-9B4A9A4670F1}.Release|Any CPU.ActiveCfg = Release|Any CPU
		{95CD29A4-9E40-4524-9D8A-9B4A9A4670F1}.Release|Any CPU.Build.0 = Release|Any CPU
	EndGlobalSection
	GlobalSection(SolutionProperties) = preSolution
		HideSolutionNode = FALSE
	EndGlobalSection
	GlobalSection(ExtensibilityGlobals) = postSolution
		SolutionGuid = {36C7E552-56AD-405B-8A8A-7453797723DD}
	EndGlobalSection
EndGlobal
